
Microsoft Visual Studio Solution File, Format Version 12.00
# Visual Studio 2012
Project("{8BC9CEB8-8B4A-11D0-8D11-00A0C91BC942}") = "SimpleServer", "SimpleServer\SimpleServer.vcxproj", "{8922DEB0-0F61-43E3-9F95-B2450E6F4D1F}"
EndProject
Project("{8BC9CEB8-8B4A-11D0-8D11-00A0C91BC942}") = "client", "client\client.vcxproj", "{268E28D3-D79F-4609-B8E7-45B1445040C1}"
EndProject
Project("{8BC9CEB8-8B4A-11D0-8D11-00A0C91BC942}") = "server", "server\server.vcxproj", "{42A9F36C-BF3E-4118-BA49-B28C11312AA1}"
EndProject
Global
	GlobalSection(SolutionConfigurationPlatforms) = preSolution
		Debug|Win32 = Debug|Win32
		Release|Win32 = Release|Win32
	EndGlobalSection
	GlobalSection(ProjectConfigurationPlatforms) = postSolution
		{8922DEB0-0F61-43E3-9F95-B2450E6F4D1F}.Debug|Win32.ActiveCfg = Debug|Win32
		{8922DEB0-0F61-43E3-9F95-B2450E6F4D1F}.Debug|Win32.Build.0 = Debug|Win32
		{8922DEB0-0F61-43E3-9F95-B2450E6F4D1F}.Debug|Win32.Deploy.0 = Debug|Win32
		{8922DEB0-0F61-43E3-9F95-B2450E6F4D1F}.Release|Win32.ActiveCfg = Release|Win32
		{8922DEB0-0F61-43E3-9F95-B2450E6F4D1F}.Release|Win32.Build.0 = Release|Win32
		{8922DEB0-0F61-43E3-9F95-B2450E6F4D1F}.Release|Win32.Deploy.0 = Release|Win32
		{268E28D3-D79F-4609-B8E7-45B1445040C1}.Debug|Win32.ActiveCfg = Debug|Win32
		{268E28D3-D79F-4609-B8E7-45B1445040C1}.Debug|Win32.Build.0 = Debug|Win32
		{268E28D3-D79F-4609-B8E7-45B1445040C1}.Debug|Win32.Deploy.0 = Debug|Win32
		{268E28D3-D79F-4609-B8E7-45B1445040C1}.Release|Win32.ActiveCfg = Release|Win32
		{268E28D3-D79F-4609-B8E7-45B1445040C1}.Release|Win32.Build.0 = Release|Win32
		{268E28D3-D79F-4609-B8E7-45B1445040C1}.Release|Win32.Deploy.0 = Release|Win32
		{42A9F36C-BF3E-4118-BA49-B28C11312AA1}.Debug|Win32.ActiveCfg = Debug|Win32
		{42A9F36C-BF3E-4118-BA49-B28C11312AA1}.Debug|Win32.Build.0 = Debug|Win32
		{42A9F36C-BF3E-4118-BA49-B28C11312AA1}.Debug|Win32.Deploy.0 = Debug|Win32
		{42A9F36C-BF3E-4118-BA49-B28C11312AA1}.Release|Win32.ActiveCfg = Release|Win32
		{42A9F36C-BF3E-4118-BA49-B28C11312AA1}.Release|Win32.Build.0 = Release|Win32
		{42A9F36C-BF3E-4118-BA49-B28C11312AA1}.Release|Win32.Deploy.0 = Release|Win32
	EndGlobalSection
	GlobalSection(SolutionProperties) = preSolution
		HideSolutionNode = FALSE
	EndGlobalSection
EndGlobal
